
Microsoft Visual Studio Solution File, Format Version 12.00
# Visual Studio 15
VisualStudioVersion = 15.0.26124.0
MinimumVisualStudioVersion = 15.0.26124.0
Project("{FAE04EC0-301F-11D3-BF4B-00C04F79EFBC}") = "MyMusic.Api", "MyMusic.Api\MyMusic.Api.csproj", "{DFBF1940-F7D1-4014-B623-80DF69713A65}"
EndProject
Project("{dotnFAE04EC0-301F-11D3-BF4B-00C04F79EFBC}") = "MyMusic.Core", "MyMusic.Core\MyMusic.Core.csproj", "{7AFB7E93-0977-456C-A230-71B58AACBA4D}"
EndProject
Project("{FAE04EC0-301F-11D3-BF4B-00C04F79EFBC}") = "MyMusic.Data", "MyMusic.Data\MyMusic.Data.csproj", "{4224FB76-3039-4BC2-806C-4CA58C5639EB}"
EndProject
Project("{FAE04EC0-301F-11D3-BF4B-00C04F79EFBC}") = "MyMusic.Services", "MyMusic.Services\MyMusic.Services.csproj", "{B3AB1564-2DE5-439C-ADD1-A8846CE2A2B4}"
EndProject
Global
	GlobalSection(SolutionConfigurationPlatforms) = preSolution
		Debug|Any CPU = Debug|Any CPU
		Debug|x64 = Debug|x64
		Debug|x86 = Debug|x86
		Release|Any CPU = Release|Any CPU
		Release|x64 = Release|x64
		Release|x86 = Release|x86
	EndGlobalSection
	GlobalSection(SolutionProperties) = preSolution
		HideSolutionNode = FALSE
	EndGlobalSection
	GlobalSection(ProjectConfigurationPlatforms) = postSolution
		{DFBF1940-F7D1-4014-B623-80DF69713A65}.Debug|Any CPU.ActiveCfg = Debug|Any CPU
		{DFBF1940-F7D1-4014-B623-80DF69713A65}.Debug|Any CPU.Build.0 = Debug|Any CPU
		{DFBF1940-F7D1-4014-B623-80DF69713A65}.Debug|x64.ActiveCfg = Debug|Any CPU
		{DFBF1940-F7D1-4014-B623-80DF69713A65}.Debug|x64.Build.0 = Debug|Any CPU
		{DFBF1940-F7D1-4014-B623-80DF69713A65}.Debug|x86.ActiveCfg = Debug|Any CPU
		{DFBF1940-F7D1-4014-B623-80DF69713A65}.Debug|x86.Build.0 = Debug|Any CPU
		{DFBF1940-F7D1-4014-B623-80DF69713A65}.Release|Any CPU.ActiveCfg = Release|Any CPU
		{DFBF1940-F7D1-4014-B623-80DF69713A65}.Release|Any CPU.Build.0 = Release|Any CPU
		{DFBF1940-F7D1-4014-B623-80DF69713A65}.Release|x64.ActiveCfg = Release|Any CPU
		{DFBF1940-F7D1-4014-B623-80DF69713A65}.Release|x64.Build.0 = Release|Any CPU
		{DFBF1940-F7D1-4014-B623-80DF69713A65}.Release|x86.ActiveCfg = Release|Any CPU
		{DFBF1940-F7D1-4014-B623-80DF69713A65}.Release|x86.Build.0 = Release|Any CPU
		{7AFB7E93-0977-456C-A230-71B58AACBA4D}.Debug|Any CPU.ActiveCfg = Debug|Any CPU
		{7AFB7E93-0977-456C-A230-71B58AACBA4D}.Debug|Any CPU.Build.0 = Debug|Any CPU
		{7AFB7E93-0977-456C-A230-71B58AACBA4D}.Debug|x64.ActiveCfg = Debug|Any CPU
		{7AFB7E93-0977-456C-A230-71B58AACBA4D}.Debug|x64.Build.0 = Debug|Any CPU
		{7AFB7E93-0977-456C-A230-71B58AACBA4D}.Debug|x86.ActiveCfg = Debug|Any CPU
		{7AFB7E93-0977-456C-A230-71B58AACBA4D}.Debug|x86.Build.0 = Debug|Any CPU
		{7AFB7E93-0977-456C-A230-71B58AACBA4D}.Release|Any CPU.ActiveCfg = Release|Any CPU
		{7AFB7E93-0977-456C-A230-71B58AACBA4D}.Release|Any CPU.Build.0 = Release|Any CPU
		{7AFB7E93-0977-456C-A230-71B58AACBA4D}.Release|x64.ActiveCfg = Release|Any CPU
		{7AFB7E93-0977-456C-A230-71B58AACBA4D}.Release|x64.Build.0 = Release|Any CPU
		{7AFB7E93-0977-456C-A230-71B58AACBA4D}.Release|x86.ActiveCfg = Release|Any CPU
		{7AFB7E93-0977-456C-A230-71B58AACBA4D}.Release|x86.Build.0 = Release|Any CPU
		{4224FB76-3039-4BC2-806C-4CA58C5639EB}.Debug|Any CPU.ActiveCfg = Debug|Any CPU
		{4224FB76-3039-4BC2-806C-4CA58C5639EB}.Debug|Any CPU.Build.0 = Debug|Any CPU
		{4224FB76-3039-4BC2-806C-4CA58C5639EB}.Debug|x64.ActiveCfg = Debug|Any CPU
		{4224FB76-3039-4BC2-806C-4CA58C5639EB}.Debug|x64.Build.0 = Debug|Any CPU
		{4224FB76-3039-4BC2-806C-4CA58C5639EB}.Debug|x86.ActiveCfg = Debug|Any CPU
		{4224FB76-3039-4BC2-806C-4CA58C5639EB}.Debug|x86.Build.0 = Debug|Any CPU
		{4224FB76-3039-4BC2-806C-4CA58C5639EB}.Release|Any CPU.ActiveCfg = Release|Any CPU
		{4224FB76-3039-4BC2-806C-4CA58C5639EB}.Release|Any CPU.Build.0 = Release|Any CPU
		{4224FB76-3039-4BC2-806C-4CA58C5639EB}.Release|x64.ActiveCfg = Release|Any CPU
		{4224FB76-3039-4BC2-806C-4CA58C5639EB}.Release|x64.Build.0 = Release|Any CPU
		{4224FB76-3039-4BC2-806C-4CA58C5639EB}.Release|x86.ActiveCfg = Release|Any CPU
		{4224FB76-3039-4BC2-806C-4CA58C5639EB}.Release|x86.Build.0 = Release|Any CPU
		{B3AB1564-2DE5-439C-ADD1-A8846CE2A2B4}.Debug|Any CPU.ActiveCfg = Debug|Any CPU
		{B3AB1564-2DE5-439C-ADD1-A8846CE2A2B4}.Debug|Any CPU.Build.0 = Debug|Any CPU
		{B3AB1564-2DE5-439C-ADD1-A8846CE2A2B4}.Debug|x64.ActiveCfg = Debug|Any CPU
		{B3AB1564-2DE5-439C-ADD1-A8846CE2A2B4}.Debug|x64.Build.0 = Debug|Any CPU
		{B3AB1564-2DE5-439C-ADD1-A8846CE2A2B4}.Debug|x86.ActiveCfg = Debug|Any CPU
		{B3AB1564-2DE5-439C-ADD1-A8846CE2A2B4}.Debug|x86.Build.0 = Debug|Any CPU
		{B3AB1564-2DE5-439C-ADD1-A8846CE2A2B4}.Release|Any CPU.ActiveCfg = Release|Any CPU
		{B3AB1564-2DE5-439C-ADD1-A8846CE2A2B4}.Release|Any CPU.Build.0 = Release|Any CPU
		{B3AB1564-2DE5-439C-ADD1-A8846CE2A2B4}.Release|x64.ActiveCfg = Release|Any CPU
		{B3AB1564-2DE5-439C-ADD1-A8846CE2A2B4}.Release|x64.Build.0 = Release|Any CPU
		{B3AB1564-2DE5-439C-ADD1-A8846CE2A2B4}.Release|x86.ActiveCfg = Release|Any CPU
		{B3AB1564-2DE5-439C-ADD1-A8846CE2A2B4}.Release|x86.Build.0 = Release|Any CPU
	EndGlobalSection
EndGlobal
